{
  "version": 4,
  "terraform_version": "1.15.7",
  "serial": 6,
  "lineage": "7cee4008-294f-7008-760d-c080d9d7f856",
  "outputs": {
    "url_acceso_prod": {
      "value": "http://localhost:8081",
      "type": "string"
    }
  },
  "resources": [
    {
      "module": "module.mi_servidor_prod",
      "mode": "managed",
      "type": "docker_container",
      "name": "nginx_srv",
      "provider": "provider[\"registry.terraform.io/kreuzwerker/docker\"]",
      "instances": [
        {
          "schema_version": 2,
          "attributes": {
            "attach": false,
            "bridge": "",
            "capabilities": [],
            "cgroupns_mode": null,
            "command": [
              "nginx",
              "-g",
              "daemon off;"
            ],
            "container_logs": null,
            "container_read_refresh_timeout_milliseconds": 15000,
            "cpu_set": "",
            "cpu_shares": 0,
            "destroy_grace_seconds": null,
            "devices": [],
            "dns": null,
            "dns_opts": null,
            "dns_search": null,
            "domainname": "",
            "entrypoint": [
              "/docker-entrypoint.sh"
            ],
            "env": [],
            "exit_code": null,
            "gpus": null,
            "group_add": null,
            "healthcheck": null,
            "host": [],
            "hostname": "4c3e6c2e3e9d",
            "id": "4c3e6c2e3e9d7c6752c9e8112f28bcf9e69e7e9569e3c43bf71f945f3412a8b7",
            "image": "sha256:f2802c2a9d09c7aa3ace27445dfc5656ff24355da28e7b958074a0111e3fc076",
            "init": false,
            "ipc_mode": "private",
            "labels": [],
            "log_driver": "json-file",
            "log_opts": null,
            "logs": false,
            "max_retry_count": 0,
            "memory": 0,
            "memory_swap": 0,
            "mounts": [],
            "must_run": true,
            "name": "servidor-app-modular-prod",
            "network_data": [
              {
                "gateway": "172.17.0.1",
                "global_ipv6_address": "",
                "global_ipv6_prefix_length": 0,
                "ip_address": "172.17.0.3",
                "ip_prefix_length": 16,
                "ipv6_gateway": "",
                "mac_address": "a2:05:ef:3b:cb:6f",
                "network_name": "bridge"
              }
            ],
            "network_mode": "bridge",
            "networks_advanced": [],
            "pid_mode": "",
            "ports": [
              {
                "external": 8081,
                "internal": 80,
                "ip": "0.0.0.0",
                "protocol": "tcp"
              }
            ],
            "privileged": false,
            "publish_all_ports": false,
            "read_only": false,
            "remove_volumes": true,
            "restart": "no",
            "rm": false,
            "runtime": "runc",
            "security_opts": [],
            "shm_size": 64,
            "start": true,
            "stdin_open": false,
            "stop_signal": "SIGQUIT",
            "stop_timeout": 1,
            "storage_opts": null,
            "sysctls": null,
            "tmpfs": null,
            "tty": false,
            "ulimit": [],
            "upload": [],
            "user": "",
            "userns_mode": "",
            "volumes": [],
            "wait": false,
            "wait_timeout": 60,
            "working_dir": ""
          },
          "sensitive_attributes": [],
          "identity_schema_version": 0,
          "private": "eyJzY2hlbWFfdmVyc2lvbiI6IjIifQ==",
          "dependencies": [
            "module.mi_servidor_prod.docker_image.nginx_img"
          ]
        }
      ]
    },
    {
      "module": "module.mi_servidor_prod",
      "mode": "managed",
      "type": "docker_image",
      "name": "nginx_img",
      "provider": "provider[\"registry.terraform.io/kreuzwerker/docker\"]",
      "instances": [
        {
          "schema_version": 0,
          "attributes": {
            "build": [],
            "force_remove": true,
            "id": "sha256:f2802c2a9d09c7aa3ace27445dfc5656ff24355da28e7b958074a0111e3fc076nginx:1.25.3-alpine",
            "image_id": "sha256:f2802c2a9d09c7aa3ace27445dfc5656ff24355da28e7b958074a0111e3fc076",
            "keep_locally": false,
            "name": "nginx:1.25.3-alpine",
            "platform": null,
            "pull_triggers": null,
            "repo_digest": "nginx@sha256:f2802c2a9d09c7aa3ace27445dfc5656ff24355da28e7b958074a0111e3fc076",
            "triggers": null
          },
          "sensitive_attributes": [],
          "identity_schema_version": 0,
          "private": "bnVsbA=="
        }
      ]
    }
  ],
  "check_results": null
}
