{
  "version": 4,
  "terraform_version": "1.15.7",
  "serial": 5,
  "lineage": "7d4c38ba-7b30-7282-32a3-048fecf52130",
  "outputs": {
    "mensaje_exito": {
      "value": "¡Infraestructura de prod desplegada correctamente!",
      "type": "string"
    },
    "ruta_del_archivo": {
      "value": "./config_prod.json",
      "type": "string"
    }
  },
  "resources": [
    {
      "mode": "managed",
      "type": "local_file",
      "name": "servidor_config",
      "provider": "provider[\"registry.terraform.io/hashicorp/local\"]",
      "instances": [
        {
          "schema_version": 0,
          "attributes": {
            "content": "{\n  \"project\": \"mi-app-sre-pro\",\n  \"environment\": \"prod\",\n  \"status\": \"OPERATIONAL\",\n  \"build\": \"2026.07.06\",\n  \"msg\": \"Motores encendidos y variables dominadas con exito.\"\n}\n",
            "content_base64": null,
            "content_base64sha256": "w7bBTvQerZvO7+1fcxWOK+iEXdeSVLlUDUlhfJd/HHQ=",
            "content_base64sha512": "m6TxmKK0QUYgWrlNKfEsadk1g+paUU1myoAYqTnT/cdP+V5sewe2guD9S4bwFDjCCoplijJXTc7JJ2N1J6Xojw==",
            "content_md5": "ae5afc2836c4cdac248a9f256dc6f699",
            "content_sha1": "26f93938ef12e70342a2330a6212c21af3ed097f",
            "content_sha256": "c3b6c14ef41ead9bceefed5f73158e2be8845dd79254b9540d49617c977f1c74",
            "content_sha512": "9ba4f198a2b44146205ab94d29f12c69d93583ea5a514d66ca8018a939d3fdc74ff95e6c7b07b682e0fd4b86f01438c20a8a658a32574dcec927637527a5e88f",
            "directory_permission": "0777",
            "file_permission": "0777",
            "filename": "./config_prod.json",
            "id": "26f93938ef12e70342a2330a6212c21af3ed097f",
            "sensitive_content": null,
            "source": null
          },
          "sensitive_attributes": [
            [
              {
                "type": "get_attr",
                "value": "sensitive_content"
              }
            ]
          ],
          "identity_schema_version": 0
        }
      ]
    }
  ],
  "check_results": null
}
